
Microsoft Visual Studio Solution File, Format Version 12.00
# Visual Studio 15
VisualStudioVersion = 15.0.28307.1062
MinimumVisualStudioVersion = 10.0.40219.1
Project("{FAE04EC0-301F-11D3-BF4B-00C04F79EFBC}") = "ebaun.Android", "ebaun\ebaun.Android\ebaun.Android.csproj", "{24CE3C36-16B9-426D-AA0C-5961ECF8D88C}"
EndProject
Project("{FAE04EC0-301F-11D3-BF4B-00C04F79EFBC}") = "ebaun.iOS", "ebaun\ebaun.iOS\ebaun.iOS.csproj", "{95641E65-6682-4E6F-97C9-4C994CCC6938}"
EndProject
Project("{FAE04EC0-301F-11D3-BF4B-00C04F79EFBC}") = "ebaun.UWP", "ebaun\ebaun.UWP\ebaun.UWP.csproj", "{58AB42FC-A538-4CA5-94DC-6FA6B7CB7637}"
EndProject
Project("{FAE04EC0-301F-11D3-BF4B-00C04F79EFBC}") = "ebaun", "ebaun\ebaun\ebaun.csproj", "{C8E1D4FF-D5EE-40DC-A61B-C6E8461810BE}"
EndProject
Global
	GlobalSection(SolutionConfigurationPlatforms) = preSolution
		Debug|Any CPU = Debug|Any CPU
		Debug|ARM = Debug|ARM
		Debug|iPhone = Debug|iPhone
		Debug|iPhoneSimulator = Debug|iPhoneSimulator
		Debug|x64 = Debug|x64
		Debug|x86 = Debug|x86
		Release|Any CPU = Release|Any CPU
		Release|ARM = Release|ARM
		Release|iPhone = Release|iPhone
		Release|iPhoneSimulator = Release|iPhoneSimulator
		Release|x64 = Release|x64
		Release|x86 = Release|x86
	EndGlobalSection
	GlobalSection(ProjectConfigurationPlatforms) = postSolution
		{24CE3C36-16B9-426D-AA0C-5961ECF8D88C}.Debug|Any CPU.ActiveCfg = Debug|Any CPU
		{24CE3C36-16B9-426D-AA0C-5961ECF8D88C}.Debug|Any CPU.Build.0 = Debug|Any CPU
		{24CE3C36-16B9-426D-AA0C-5961ECF8D88C}.Debug|Any CPU.Deploy.0 = Debug|Any CPU
		{24CE3C36-16B9-426D-AA0C-5961ECF8D88C}.Debug|ARM.ActiveCfg = Debug|Any CPU
		{24CE3C36-16B9-426D-AA0C-5961ECF8D88C}.Debug|ARM.Build.0 = Debug|Any CPU
		{24CE3C36-16B9-426D-AA0C-5961ECF8D88C}.Debug|ARM.Deploy.0 = Debug|Any CPU
		{24CE3C36-16B9-426D-AA0C-5961ECF8D88C}.Debug|iPhone.ActiveCfg = Debug|Any CPU
		{24CE3C36-16B9-426D-AA0C-5961ECF8D88C}.Debug|iPhone.Build.0 = Debug|Any CPU
		{24CE3C36-16B9-426D-AA0C-5961ECF8D88C}.Debug|iPhone.Deploy.0 = Debug|Any CPU
		{24CE3C36-16B9-426D-AA0C-5961ECF8D88C}.Debug|iPhoneSimulator.ActiveCfg = Debug|Any CPU
		{24CE3C36-16B9-426D-AA0C-5961ECF8D88C}.Debug|iPhoneSimulator.Build.0 = Debug|Any CPU
		{24CE3C36-16B9-426D-AA0C-5961ECF8D88C}.Debug|iPhoneSimulator.Deploy.0 = Debug|Any CPU
		{24CE3C36-16B9-426D-AA0C-5961ECF8D88C}.Debug|x64.ActiveCfg = Debug|Any CPU
		{24CE3C36-16B9-426D-AA0C-5961ECF8D88C}.Debug|x64.Build.0 = Debug|Any CPU
		{24CE3C36-16B9-426D-AA0C-5961ECF8D88C}.Debug|x64.Deploy.0 = Debug|Any CPU
		{24CE3C36-16B9-426D-AA0C-5961ECF8D88C}.Debug|x86.ActiveCfg = Debug|Any CPU
		{24CE3C36-16B9-426D-AA0C-5961ECF8D88C}.Debug|x86.Build.0 = Debug|Any CPU
		{24CE3C36-16B9-426D-AA0C-5961ECF8D88C}.Debug|x86.Deploy.0 = Debug|Any CPU
		{24CE3C36-16B9-426D-AA0C-5961ECF8D88C}.Release|Any CPU.ActiveCfg = Release|Any CPU
		{24CE3C36-16B9-426D-AA0C-5961ECF8D88C}.Release|Any CPU.Build.0 = Release|Any CPU
		{24CE3C36-16B9-426D-AA0C-5961ECF8D88C}.Release|Any CPU.Deploy.0 = Release|Any CPU
		{24CE3C36-16B9-426D-AA0C-5961ECF8D88C}.Release|ARM.ActiveCfg = Release|Any CPU
		{24CE3C36-16B9-426D-AA0C-5961ECF8D88C}.Release|ARM.Build.0 = Release|Any CPU
		{24CE3C36-16B9-426D-AA0C-5961ECF8D88C}.Release|ARM.Deploy.0 = Release|Any CPU
		{24CE3C36-16B9-426D-AA0C-5961ECF8D88C}.Release|iPhone.ActiveCfg = Release|Any CPU
		{24CE3C36-16B9-426D-AA0C-5961ECF8D88C}.Release|iPhone.Build.0 = Release|Any CPU
		{24CE3C36-16B9-426D-AA0C-5961ECF8D88C}.Release|iPhone.Deploy.0 = Release|Any CPU
		{24CE3C36-16B9-426D-AA0C-5961ECF8D88C}.Release|iPhoneSimulator.ActiveCfg = Release|Any CPU
		{24CE3C36-16B9-426D-AA0C-5961ECF8D88C}.Release|iPhoneSimulator.Build.0 = Release|Any CPU
		{24CE3C36-16B9-426D-AA0C-5961ECF8D88C}.Release|iPhoneSimulator.Deploy.0 = Release|Any CPU
		{24CE3C36-16B9-426D-AA0C-5961ECF8D88C}.Release|x64.ActiveCfg = Release|Any CPU
		{24CE3C36-16B9-426D-AA0C-5961ECF8D88C}.Release|x64.Build.0 = Release|Any CPU
		{24CE3C36-16B9-426D-AA0C-5961ECF8D88C}.Release|x64.Deploy.0 = Release|Any CPU
		{24CE3C36-16B9-426D-AA0C-5961ECF8D88C}.Release|x86.ActiveCfg = Release|Any CPU
		{24CE3C36-16B9-426D-AA0C-5961ECF8D88C}.Release|x86.Build.0 = Release|Any CPU
		{24CE3C36-16B9-426D-AA0C-5961ECF8D88C}.Release|x86.Deploy.0 = Release|Any CPU
		{95641E65-6682-4E6F-97C9-4C994CCC6938}.Debug|Any CPU.ActiveCfg = Debug|iPhoneSimulator
		{95641E65-6682-4E6F-97C9-4C994CCC6938}.Debug|Any CPU.Build.0 = Debug|iPhoneSimulator
		{95641E65-6682-4E6F-97C9-4C994CCC6938}.Debug|Any CPU.Deploy.0 = Debug|iPhoneSimulator
		{95641E65-6682-4E6F-97C9-4C994CCC6938}.Debug|ARM.ActiveCfg = Debug|iPhone
		{95641E65-6682-4E6F-97C9-4C994CCC6938}.Debug|ARM.Build.0 = Debug|iPhone
		{95641E65-6682-4E6F-97C9-4C994CCC6938}.Debug|ARM.Deploy.0 = Debug|iPhone
		{95641E65-6682-4E6F-97C9-4C994CCC6938}.Debug|iPhone.ActiveCfg = Debug|iPhone
		{95641E65-6682-4E6F-97C9-4C994CCC6938}.Debug|iPhone.Build.0 = Debug|iPhone
		{95641E65-6682-4E6F-97C9-4C994CCC6938}.Debug|iPhone.Deploy.0 = Debug|iPhone
		{95641E65-6682-4E6F-97C9-4C994CCC6938}.Debug|iPhoneSimulator.ActiveCfg = Debug|iPhoneSimulator
		{95641E65-6682-4E6F-97C9-4C994CCC6938}.Debug|iPhoneSimulator.Build.0 = Debug|iPhoneSimulator
		{95641E65-6682-4E6F-97C9-4C994CCC6938}.Debug|iPhoneSimulator.Deploy.0 = Debug|iPhoneSimulator
		{95641E65-6682-4E6F-97C9-4C994CCC6938}.Debug|x64.ActiveCfg = Debug|iPhone
		{95641E65-6682-4E6F-97C9-4C994CCC6938}.Debug|x64.Build.0 = Debug|iPhone
		{95641E65-6682-4E6F-97C9-4C994CCC6938}.Debug|x64.Deploy.0 = Debug|iPhone
		{95641E65-6682-4E6F-97C9-4C994CCC6938}.Debug|x86.ActiveCfg = Debug|iPhone
		{95641E65-6682-4E6F-97C9-4C994CCC6938}.Debug|x86.Build.0 = Debug|iPhone
		{95641E65-6682-4E6F-97C9-4C994CCC6938}.Debug|x86.Deploy.0 = Debug|iPhone
		{95641E65-6682-4E6F-97C9-4C994CCC6938}.Release|Any CPU.ActiveCfg = Release|iPhone
		{95641E65-6682-4E6F-97C9-4C994CCC6938}.Release|Any CPU.Build.0 = Release|iPhone
		{95641E65-6682-4E6F-97C9-4C994CCC6938}.Release|Any CPU.Deploy.0 = Release|iPhone
		{95641E65-6682-4E6F-97C9-4C994CCC6938}.Release|ARM.ActiveCfg = Release|iPhone
		{95641E65-6682-4E6F-97C9-4C994CCC6938}.Release|ARM.Build.0 = Release|iPhone
		{95641E65-6682-4E6F-97C9-4C994CCC6938}.Release|ARM.Deploy.0 = Release|iPhone
		{95641E65-6682-4E6F-97C9-4C994CCC6938}.Release|iPhone.ActiveCfg = Release|iPhone
		{95641E65-6682-4E6F-97C9-4C994CCC6938}.Release|iPhone.Build.0 = Release|iPhone
		{95641E65-6682-4E6F-97C9-4C994CCC6938}.Release|iPhone.Deploy.0 = Release|iPhone
		{95641E65-6682-4E6F-97C9-4C994CCC6938}.Release|iPhoneSimulator.ActiveCfg = Release|iPhoneSimulator
		{95641E65-6682-4E6F-97C9-4C994CCC6938}.Release|iPhoneSimulator.Build.0 = Release|iPhoneSimulator
		{95641E65-6682-4E6F-97C9-4C994CCC6938}.Release|iPhoneSimulator.Deploy.0 = Release|iPhoneSimulator
		{95641E65-6682-4E6F-97C9-4C994CCC6938}.Release|x64.ActiveCfg = Release|iPhone
		{95641E65-6682-4E6F-97C9-4C994CCC6938}.Release|x64.Build.0 = Release|iPhone
		{95641E65-6682-4E6F-97C9-4C994CCC6938}.Release|x64.Deploy.0 = Release|iPhone
		{95641E65-6682-4E6F-97C9-4C994CCC6938}.Release|x86.ActiveCfg = Release|iPhone
		{95641E65-6682-4E6F-97C9-4C994CCC6938}.Release|x86.Build.0 = Release|iPhone
		{95641E65-6682-4E6F-97C9-4C994CCC6938}.Release|x86.Deploy.0 = Release|iPhone
		{58AB42FC-A538-4CA5-94DC-6FA6B7CB7637}.Debug|Any CPU.ActiveCfg = Debug|x86
		{58AB42FC-A538-4CA5-94DC-6FA6B7CB7637}.Debug|Any CPU.Build.0 = Debug|x86
		{58AB42FC-A538-4CA5-94DC-6FA6B7CB7637}.Debug|Any CPU.Deploy.0 = Debug|x86
		{58AB42FC-A538-4CA5-94DC-6FA6B7CB7637}.Debug|ARM.ActiveCfg = Debug|ARM
		{58AB42FC-A538-4CA5-94DC-6FA6B7CB7637}.Debug|ARM.Build.0 = Debug|ARM
		{58AB42FC-A538-4CA5-94DC-6FA6B7CB7637}.Debug|ARM.Deploy.0 = Debug|ARM
		{58AB42FC-A538-4CA5-94DC-6FA6B7CB7637}.Debug|iPhone.ActiveCfg = Debug|x86
		{58AB42FC-A538-4CA5-94DC-6FA6B7CB7637}.Debug|iPhone.Build.0 = Debug|x86
		{58AB42FC-A538-4CA5-94DC-6FA6B7CB7637}.Debug|iPhone.Deploy.0 = Debug|x86
		{58AB42FC-A538-4CA5-94DC-6FA6B7CB7637}.Debug|iPhoneSimulator.ActiveCfg = Debug|x86
		{58AB42FC-A538-4CA5-94DC-6FA6B7CB7637}.Debug|iPhoneSimulator.Build.0 = Debug|x86
		{58AB42FC-A538-4CA5-94DC-6FA6B7CB7637}.Debug|iPhoneSimulator.Deploy.0 = Debug|x86
		{58AB42FC-A538-4CA5-94DC-6FA6B7CB7637}.Debug|x64.ActiveCfg = Debug|x64
		{58AB42FC-A538-4CA5-94DC-6FA6B7CB7637}.Debug|x64.Build.0 = Debug|x64
		{58AB42FC-A538-4CA5-94DC-6FA6B7CB7637}.Debug|x64.Deploy.0 = Debug|x64
		{58AB42FC-A538-4CA5-94DC-6FA6B7CB7637}.Debug|x86.ActiveCfg = Debug|x86
		{58AB42FC-A538-4CA5-94DC-6FA6B7CB7637}.Debug|x86.Build.0 = Debug|x86
		{58AB42FC-A538-4CA5-94DC-6FA6B7CB7637}.Debug|x86.Deploy.0 = Debug|x86
		{58AB42FC-A538-4CA5-94DC-6FA6B7CB7637}.Release|Any CPU.ActiveCfg = Release|x86
		{58AB42FC-A538-4CA5-94DC-6FA6B7CB7637}.Release|Any CPU.Build.0 = Release|x86
		{58AB42FC-A538-4CA5-94DC-6FA6B7CB7637}.Release|Any CPU.Deploy.0 = Release|x86
		{58AB42FC-A538-4CA5-94DC-6FA6B7CB7637}.Release|ARM.ActiveCfg = Release|ARM
		{58AB42FC-A538-4CA5-94DC-6FA6B7CB7637}.Release|ARM.Build.0 = Release|ARM
		{58AB42FC-A538-4CA5-94DC-6FA6B7CB7637}.Release|ARM.Deploy.0 = Release|ARM
		{58AB42FC-A538-4CA5-94DC-6FA6B7CB7637}.Release|iPhone.ActiveCfg = Release|x86
		{58AB42FC-A538-4CA5-94DC-6FA6B7CB7637}.Release|iPhone.Build.0 = Release|x86
		{58AB42FC-A538-4CA5-94DC-6FA6B7CB7637}.Release|iPhone.Deploy.0 = Release|x86
		{58AB42FC-A538-4CA5-94DC-6FA6B7CB7637}.Release|iPhoneSimulator.ActiveCfg = Release|x86
		{58AB42FC-A538-4CA5-94DC-6FA6B7CB7637}.Release|iPhoneSimulator.Build.0 = Release|x86
		{58AB42FC-A538-4CA5-94DC-6FA6B7CB7637}.Release|iPhoneSimulator.Deploy.0 = Release|x86
		{58AB42FC-A538-4CA5-94DC-6FA6B7CB7637}.Release|x64.ActiveCfg = Release|x64
		{58AB42FC-A538-4CA5-94DC-6FA6B7CB7637}.Release|x64.Build.0 = Release|x64
		{58AB42FC-A538-4CA5-94DC-6FA6B7CB7637}.Release|x64.Deploy.0 = Release|x64
		{58AB42FC-A538-4CA5-94DC-6FA6B7CB7637}.Release|x86.ActiveCfg = Release|x86
		{58AB42FC-A538-4CA5-94DC-6FA6B7CB7637}.Release|x86.Build.0 = Release|x86
		{58AB42FC-A538-4CA5-94DC-6FA6B7CB7637}.Release|x86.Deploy.0 = Release|x86
		{C8E1D4FF-D5EE-40DC-A61B-C6E8461810BE}.Debug|Any CPU.ActiveCfg = Debug|Any CPU
		{C8E1D4FF-D5EE-40DC-A61B-C6E8461810BE}.Debug|Any CPU.Build.0 = Debug|Any CPU
		{C8E1D4FF-D5EE-40DC-A61B-C6E8461810BE}.Debug|Any CPU.Deploy.0 = Debug|Any CPU
		{C8E1D4FF-D5EE-40DC-A61B-C6E8461810BE}.Debug|ARM.ActiveCfg = Debug|Any CPU
		{C8E1D4FF-D5EE-40DC-A61B-C6E8461810BE}.Debug|ARM.Build.0 = Debug|Any CPU
		{C8E1D4FF-D5EE-40DC-A61B-C6E8461810BE}.Debug|ARM.Deploy.0 = Debug|Any CPU
		{C8E1D4FF-D5EE-40DC-A61B-C6E8461810BE}.Debug|iPhone.ActiveCfg = Debug|Any CPU
		{C8E1D4FF-D5EE-40DC-A61B-C6E8461810BE}.Debug|iPhone.Build.0 = Debug|Any CPU
		{C8E1D4FF-D5EE-40DC-A61B-C6E8461810BE}.Debug|iPhone.Deploy.0 = Debug|Any CPU
		{C8E1D4FF-D5EE-40DC-A61B-C6E8461810BE}.Debug|iPhoneSimulator.ActiveCfg = Debug|Any CPU
		{C8E1D4FF-D5EE-40DC-A61B-C6E8461810BE}.Debug|iPhoneSimulator.Build.0 = Debug|Any CPU
		{C8E1D4FF-D5EE-40DC-A61B-C6E8461810BE}.Debug|iPhoneSimulator.Deploy.0 = Debug|Any CPU
		{C8E1D4FF-D5EE-40DC-A61B-C6E8461810BE}.Debug|x64.ActiveCfg = Debug|Any CPU
		{C8E1D4FF-D5EE-40DC-A61B-C6E8461810BE}.Debug|x64.Build.0 = Debug|Any CPU
		{C8E1D4FF-D5EE-40DC-A61B-C6E8461810BE}.Debug|x64.Deploy.0 = Debug|Any CPU
		{C8E1D4FF-D5EE-40DC-A61B-C6E8461810BE}.Debug|x86.ActiveCfg = Debug|Any CPU
		{C8E1D4FF-D5EE-40DC-A61B-C6E8461810BE}.Debug|x86.Build.0 = Debug|Any CPU
		{C8E1D4FF-D5EE-40DC-A61B-C6E8461810BE}.Debug|x86.Deploy.0 = Debug|Any CPU
		{C8E1D4FF-D5EE-40DC-A61B-C6E8461810BE}.Release|Any CPU.ActiveCfg = Release|Any CPU
		{C8E1D4FF-D5EE-40DC-A61B-C6E8461810BE}.Release|Any CPU.Build.0 = Release|Any CPU
		{C8E1D4FF-D5EE-40DC-A61B-C6E8461810BE}.Release|Any CPU.Deploy.0 = Release|Any CPU
		{C8E1D4FF-D5EE-40DC-A61B-C6E8461810BE}.Release|ARM.ActiveCfg = Release|Any CPU
		{C8E1D4FF-D5EE-40DC-A61B-C6E8461810BE}.Release|ARM.Build.0 = Release|Any CPU
		{C8E1D4FF-D5EE-40DC-A61B-C6E8461810BE}.Release|ARM.Deploy.0 = Release|Any CPU
		{C8E1D4FF-D5EE-40DC-A61B-C6E8461810BE}.Release|iPhone.ActiveCfg = Release|Any CPU
		{C8E1D4FF-D5EE-40DC-A61B-C6E8461810BE}.Release|iPhone.Build.0 = Release|Any CPU
		{C8E1D4FF-D5EE-40DC-A61B-C6E8461810BE}.Release|iPhone.Deploy.0 = Release|Any CPU
		{C8E1D4FF-D5EE-40DC-A61B-C6E8461810BE}.Release|iPhoneSimulator.ActiveCfg = Release|Any CPU
		{C8E1D4FF-D5EE-40DC-A61B-C6E8461810BE}.Release|iPhoneSimulator.Build.0 = Release|Any CPU
		{C8E1D4FF-D5EE-40DC-A61B-C6E8461810BE}.Release|iPhoneSimulator.Deploy.0 = Release|Any CPU
		{C8E1D4FF-D5EE-40DC-A61B-C6E8461810BE}.Release|x64.ActiveCfg = Release|Any CPU
		{C8E1D4FF-D5EE-40DC-A61B-C6E8461810BE}.Release|x64.Build.0 = Release|Any CPU
		{C8E1D4FF-D5EE-40DC-A61B-C6E8461810BE}.Release|x64.Deploy.0 = Release|Any CPU
		{C8E1D4FF-D5EE-40DC-A61B-C6E8461810BE}.Release|x86.ActiveCfg = Release|Any CPU
		{C8E1D4FF-D5EE-40DC-A61B-C6E8461810BE}.Release|x86.Build.0 = Release|Any CPU
		{C8E1D4FF-D5EE-40DC-A61B-C6E8461810BE}.Release|x86.Deploy.0 = Release|Any CPU
	EndGlobalSection
	GlobalSection(SolutionProperties) = preSolution
		HideSolutionNode = FALSE
	EndGlobalSection
	GlobalSection(ExtensibilityGlobals) = postSolution
		SolutionGuid = {9D1B11FE-F9F2-4B69-96CA-4DE0E0BA16E2}
	EndGlobalSection
EndGlobal
